
Microsoft Visual Studio Solution File, Format Version 12.00
# Visual Studio Version 16
VisualStudioVersion = 16.0.30309.148
MinimumVisualStudioVersion = 10.0.40219.1
Project("{FAE04EC0-301F-11D3-BF4B-00C04F79EFBC}") = "Calificacionestudiante", "Calificacionestudiante\Calificacionestudiante.csproj", "{D8D991C9-EF1A-4626-BACE-D46906464E23}"
EndProject
Global
	GlobalSection(SolutionConfigurationPlatforms) = preSolution
		Debug|Any CPU = Debug|Any CPU
		Release|Any CPU = Release|Any CPU
	EndGlobalSection
	GlobalSection(ProjectConfigurationPlatforms) = postSolution
		{D8D991C9-EF1A-4626-BACE-D46906464E23}.Debug|Any CPU.ActiveCfg = Debug|Any CPU
		{D8D991C9-EF1A-4626-BACE-D46906464E23}.Debug|Any CPU.Build.0 = Debug|Any CPU
		{D8D991C9-EF1A-4626-BACE-D46906464E23}.Release|Any CPU.ActiveCfg = Release|Any CPU
		{D8D991C9-EF1A-4626-BACE-D46906464E23}.Release|Any CPU.Build.0 = Release|Any CPU
	EndGlobalSection
	GlobalSection(SolutionProperties) = preSolution
		HideSolutionNode = FALSE
	EndGlobalSection
	GlobalSection(ExtensibilityGlobals) = postSolution
		SolutionGuid = {B4C1BC44-3657-4F30-A4D4-52BFFECCEFE2}
	EndGlobalSection
EndGlobal
